
Microsoft Visual Studio Solution File, Format Version 11.00
# Visual Studio 2010
Project("{FAE04EC0-301F-11D3-BF4B-00C04F79EFBC}") = "Assembly-CSharp", "Assembly-CSharp.csproj", "{ACFF1032-128B-E3BD-940B-A28EB0932735}"
EndProject
Global
	GlobalSection(SolutionConfigurationPlatforms) = preSolution
		Debug|Any CPU = Debug|Any CPU
		Release|Any CPU = Release|Any CPU
	EndGlobalSection
	GlobalSection(ProjectConfigurationPlatforms) = postSolution
		{ACFF1032-128B-E3BD-940B-A28EB0932735}.Debug|Any CPU.ActiveCfg = Debug|Any CPU
		{ACFF1032-128B-E3BD-940B-A28EB0932735}.Debug|Any CPU.Build.0 = Debug|Any CPU
		{ACFF1032-128B-E3BD-940B-A28EB0932735}.Release|Any CPU.ActiveCfg = Release|Any CPU
		{ACFF1032-128B-E3BD-940B-A28EB0932735}.Release|Any CPU.Build.0 = Release|Any CPU
	EndGlobalSection
	GlobalSection(SolutionProperties) = preSolution
		HideSolutionNode = FALSE
	EndGlobalSection
EndGlobal
